
Microsoft Visual Studio Solution File, Format Version 12.00
# Visual Studio Version 17
VisualStudioVersion = 17.0.31903.59
MinimumVisualStudioVersion = 10.0.40219.1
Project("{2150E333-8FDC-42A3-9474-1A3956D46DE8}") = "src", "src", "{827E0CD3-B72D-47B6-A68D-7590B98EB39B}"
EndProject
Project("{FAE04EC0-301F-11D3-BF4B-00C04F79EFBC}") = "StarlinkApp", "src\StarlinkApp\StarlinkApp.csproj", "{3B7DED5F-4113-48F3-8F6B-CA8FA47DE522}"
EndProject
Project("{FAE04EC0-301F-11D3-BF4B-00C04F79EFBC}") = "StarlinkApp.Contracts", "src\StarlinkApp.Contracts\StarlinkApp.Contracts.csproj", "{8BCA7D94-EB96-4783-B612-F1E4EC780B77}"
EndProject
Project("{FAE04EC0-301F-11D3-BF4B-00C04F79EFBC}") = "StarlinkApp.Simulation", "src\StarlinkApp.Simulation\StarlinkApp.Simulation.csproj", "{302EC3E8-1EBC-41FE-8283-5F3E66181C8B}"
EndProject
Project("{FAE04EC0-301F-11D3-BF4B-00C04F79EFBC}") = "StarlinkApp.Tests", "tests\StarlinkApp.Tests\StarlinkApp.Tests.csproj", "{8140A07C-5940-4193-8C5C-16ECF18A1106}"
EndProject
Global
	GlobalSection(SolutionConfigurationPlatforms) = preSolution
		Debug|Any CPU = Debug|Any CPU
		Debug|x64 = Debug|x64
		Debug|x86 = Debug|x86
		Release|Any CPU = Release|Any CPU
		Release|x64 = Release|x64
		Release|x86 = Release|x86
	EndGlobalSection
	GlobalSection(ProjectConfigurationPlatforms) = postSolution
		{3B7DED5F-4113-48F3-8F6B-CA8FA47DE522}.Debug|Any CPU.ActiveCfg = Debug|Any CPU
		{3B7DED5F-4113-48F3-8F6B-CA8FA47DE522}.Debug|Any CPU.Build.0 = Debug|Any CPU
		{3B7DED5F-4113-48F3-8F6B-CA8FA47DE522}.Debug|x64.ActiveCfg = Debug|Any CPU
		{3B7DED5F-4113-48F3-8F6B-CA8FA47DE522}.Debug|x64.Build.0 = Debug|Any CPU
		{3B7DED5F-4113-48F3-8F6B-CA8FA47DE522}.Debug|x86.ActiveCfg = Debug|Any CPU
		{3B7DED5F-4113-48F3-8F6B-CA8FA47DE522}.Debug|x86.Build.0 = Debug|Any CPU
		{3B7DED5F-4113-48F3-8F6B-CA8FA47DE522}.Release|Any CPU.ActiveCfg = Release|Any CPU
		{3B7DED5F-4113-48F3-8F6B-CA8FA47DE522}.Release|Any CPU.Build.0 = Release|Any CPU
		{3B7DED5F-4113-48F3-8F6B-CA8FA47DE522}.Release|x64.ActiveCfg = Release|Any CPU
		{3B7DED5F-4113-48F3-8F6B-CA8FA47DE522}.Release|x64.Build.0 = Release|Any CPU
		{3B7DED5F-4113-48F3-8F6B-CA8FA47DE522}.Release|x86.ActiveCfg = Release|Any CPU
		{3B7DED5F-4113-48F3-8F6B-CA8FA47DE522}.Release|x86.Build.0 = Release|Any CPU
		{8BCA7D94-EB96-4783-B612-F1E4EC780B77}.Debug|Any CPU.ActiveCfg = Debug|Any CPU
		{8BCA7D94-EB96-4783-B612-F1E4EC780B77}.Debug|Any CPU.Build.0 = Debug|Any CPU
		{8BCA7D94-EB96-4783-B612-F1E4EC780B77}.Debug|x64.ActiveCfg = Debug|Any CPU
		{8BCA7D94-EB96-4783-B612-F1E4EC780B77}.Debug|x64.Build.0 = Debug|Any CPU
		{8BCA7D94-EB96-4783-B612-F1E4EC780B77}.Debug|x86.ActiveCfg = Debug|Any CPU
		{8BCA7D94-EB96-4783-B612-F1E4EC780B77}.Debug|x86.Build.0 = Debug|Any CPU
		{8BCA7D94-EB96-4783-B612-F1E4EC780B77}.Release|Any CPU.ActiveCfg = Release|Any CPU
		{8BCA7D94-EB96-4783-B612-F1E4EC780B77}.Release|Any CPU.Build.0 = Release|Any CPU
		{8BCA7D94-EB96-4783-B612-F1E4EC780B77}.Release|x64.ActiveCfg = Release|Any CPU
		{8BCA7D94-EB96-4783-B612-F1E4EC780B77}.Release|x64.Build.0 = Release|Any CPU
		{8BCA7D94-EB96-4783-B612-F1E4EC780B77}.Release|x86.ActiveCfg = Release|Any CPU
		{8BCA7D94-EB96-4783-B612-F1E4EC780B77}.Release|x86.Build.0 = Release|Any CPU
		{302EC3E8-1EBC-41FE-8283-5F3E66181C8B}.Debug|Any CPU.ActiveCfg = Debug|Any CPU
		{302EC3E8-1EBC-41FE-8283-5F3E66181C8B}.Debug|Any CPU.Build.0 = Debug|Any CPU
		{302EC3E8-1EBC-41FE-8283-5F3E66181C8B}.Debug|x64.ActiveCfg = Debug|Any CPU
		{302EC3E8-1EBC-41FE-8283-5F3E66181C8B}.Debug|x64.Build.0 = Debug|Any CPU
		{302EC3E8-1EBC-41FE-8283-5F3E66181C8B}.Debug|x86.ActiveCfg = Debug|Any CPU
		{302EC3E8-1EBC-41FE-8283-5F3E66181C8B}.Debug|x86.Build.0 = Debug|Any CPU
		{302EC3E8-1EBC-41FE-8283-5F3E66181C8B}.Release|Any CPU.ActiveCfg = Release|Any CPU
		{302EC3E8-1EBC-41FE-8283-5F3E66181C8B}.Release|Any CPU.Build.0 = Release|Any CPU
		{302EC3E8-1EBC-41FE-8283-5F3E66181C8B}.Release|x64.ActiveCfg = Release|Any CPU
		{302EC3E8-1EBC-41FE-8283-5F3E66181C8B}.Release|x64.Build.0 = Release|Any CPU
		{302EC3E8-1EBC-41FE-8283-5F3E66181C8B}.Release|x86.ActiveCfg = Release|Any CPU
		{302EC3E8-1EBC-41FE-8283-5F3E66181C8B}.Release|x86.Build.0 = Release|Any CPU
		{8140A07C-5940-4193-8C5C-16ECF18A1106}.Debug|Any CPU.ActiveCfg = Debug|Any CPU
		{8140A07C-5940-4193-8C5C-16ECF18A1106}.Debug|Any CPU.Build.0 = Debug|Any CPU
		{8140A07C-5940-4193-8C5C-16ECF18A1106}.Debug|x64.ActiveCfg = Debug|Any CPU
		{8140A07C-5940-4193-8C5C-16ECF18A1106}.Debug|x64.Build.0 = Debug|Any CPU
		{8140A07C-5940-4193-8C5C-16ECF18A1106}.Debug|x86.ActiveCfg = Debug|Any CPU
		{8140A07C-5940-4193-8C5C-16ECF18A1106}.Debug|x86.Build.0 = Debug|Any CPU
		{8140A07C-5940-4193-8C5C-16ECF18A1106}.Release|Any CPU.ActiveCfg = Release|Any CPU
		{8140A07C-5940-4193-8C5C-16ECF18A1106}.Release|Any CPU.Build.0 = Release|Any CPU
		{8140A07C-5940-4193-8C5C-16ECF18A1106}.Release|x64.ActiveCfg = Release|Any CPU
		{8140A07C-5940-4193-8C5C-16ECF18A1106}.Release|x64.Build.0 = Release|Any CPU
		{8140A07C-5940-4193-8C5C-16ECF18A1106}.Release|x86.ActiveCfg = Release|Any CPU
		{8140A07C-5940-4193-8C5C-16ECF18A1106}.Release|x86.Build.0 = Release|Any CPU
	EndGlobalSection
	GlobalSection(SolutionProperties) = preSolution
		HideSolutionNode = FALSE
	EndGlobalSection
	GlobalSection(NestedProjects) = preSolution
		{3B7DED5F-4113-48F3-8F6B-CA8FA47DE522} = {827E0CD3-B72D-47B6-A68D-7590B98EB39B}
		{8BCA7D94-EB96-4783-B612-F1E4EC780B77} = {827E0CD3-B72D-47B6-A68D-7590B98EB39B}
		{302EC3E8-1EBC-41FE-8283-5F3E66181C8B} = {827E0CD3-B72D-47B6-A68D-7590B98EB39B}
		{8140A07C-5940-4193-8C5C-16ECF18A1106} = {827E0CD3-B72D-47B6-A68D-7590B98EB39B}
	EndGlobalSection
EndGlobal
